
Microsoft Visual Studio Solution File, Format Version 12.00
# Visual Studio Version 17
VisualStudioVersion = 17.5.33502.453
MinimumVisualStudioVersion = 10.0.40219.1
Project("{FAE04EC0-301F-11D3-BF4B-00C04F79EFBC}") = "RabbitConverter", "RabbitConverter\RabbitConverter.csproj", "{221469B2-E3AF-4995-B5C1-DBB96927F0AF}"
EndProject
Global
	GlobalSection(SolutionConfigurationPlatforms) = preSolution
		Debug|Any CPU = Debug|Any CPU
		Release|Any CPU = Release|Any CPU
	EndGlobalSection
	GlobalSection(ProjectConfigurationPlatforms) = postSolution
		{221469B2-E3AF-4995-B5C1-DBB96927F0AF}.Debug|Any CPU.ActiveCfg = Debug|Any CPU
		{221469B2-E3AF-4995-B5C1-DBB96927F0AF}.Debug|Any CPU.Build.0 = Debug|Any CPU
		{221469B2-E3AF-4995-B5C1-DBB96927F0AF}.Release|Any CPU.ActiveCfg = Release|Any CPU
		{221469B2-E3AF-4995-B5C1-DBB96927F0AF}.Release|Any CPU.Build.0 = Release|Any CPU
	EndGlobalSection
	GlobalSection(SolutionProperties) = preSolution
		HideSolutionNode = FALSE
	EndGlobalSection
	GlobalSection(ExtensibilityGlobals) = postSolution
		SolutionGuid = {2B634832-A8E6-4A8A-9EAC-0D425A2FC1C2}
	EndGlobalSection
EndGlobal
